
Microsoft Visual Studio Solution File, Format Version 12.00
# Visual Studio Version 16
VisualStudioVersion = 16.0.30011.22
MinimumVisualStudioVersion = 10.0.40219.1
Project("{9A19103F-16F7-4668-BE54-9A1E7A4F7556}") = "SimpleVersioning", "SimpleVersioning.csproj", "{632A8403-17B9-4B6A-9FDA-DC86D3B1FA3C}"
EndProject
Project("{9A19103F-16F7-4668-BE54-9A1E7A4F7556}") = "Testing", "..\Testing\Testing.csproj", "{7BE61248-D601-4D20-A197-C5E746EFBC25}"
EndProject
Global
	GlobalSection(SolutionConfigurationPlatforms) = preSolution
		Debug|Any CPU = Debug|Any CPU
		Release|Any CPU = Release|Any CPU
	EndGlobalSection
	GlobalSection(ProjectConfigurationPlatforms) = postSolution
		{632A8403-17B9-4B6A-9FDA-DC86D3B1FA3C}.Debug|Any CPU.ActiveCfg = Debug|Any CPU
		{632A8403-17B9-4B6A-9FDA-DC86D3B1FA3C}.Debug|Any CPU.Build.0 = Debug|Any CPU
		{632A8403-17B9-4B6A-9FDA-DC86D3B1FA3C}.Release|Any CPU.ActiveCfg = Release|Any CPU
		{632A8403-17B9-4B6A-9FDA-DC86D3B1FA3C}.Release|Any CPU.Build.0 = Release|Any CPU
		{7BE61248-D601-4D20-A197-C5E746EFBC25}.Debug|Any CPU.ActiveCfg = Debug|Any CPU
		{7BE61248-D601-4D20-A197-C5E746EFBC25}.Debug|Any CPU.Build.0 = Debug|Any CPU
		{7BE61248-D601-4D20-A197-C5E746EFBC25}.Release|Any CPU.ActiveCfg = Release|Any CPU
		{7BE61248-D601-4D20-A197-C5E746EFBC25}.Release|Any CPU.Build.0 = Release|Any CPU
	EndGlobalSection
	GlobalSection(SolutionProperties) = preSolution
		HideSolutionNode = FALSE
	EndGlobalSection
	GlobalSection(ExtensibilityGlobals) = postSolution
		SolutionGuid = {3A63130B-79CE-4EFE-81AE-2B364631F2FA}
	EndGlobalSection
EndGlobal
